
Microsoft Visual Studio Solution File, Format Version 12.00
# Visual Studio Version 17
VisualStudioVersion = 17.6.33723.286
MinimumVisualStudioVersion = 10.0.40219.1
Project("{9A19103F-16F7-4668-BE54-9A1E7A4F7556}") = "MovieMatchMakerLibTests", "MovieMatchMakerLibTests\MovieMatchMakerLibTests.csproj", "{C53BADD1-BBBA-448E-A828-E68B76FAE424}"
EndProject
Project("{9A19103F-16F7-4668-BE54-9A1E7A4F7556}") = "MovieMatchMakerApi", "MovieMatchMakerApi\MovieMatchMakerApi.csproj", "{8087B8ED-D436-475B-9C03-31A05B0A9260}"
EndProject
Project("{9A19103F-16F7-4668-BE54-9A1E7A4F7556}") = "MovieMatchMakerLib", "..\Shared\MovieMatchMakerLib\MovieMatchMakerLib.csproj", "{31224C1E-17CE-4D6A-86B6-C0308BA969D4}"
EndProject
Global
	GlobalSection(SolutionConfigurationPlatforms) = preSolution
		Debug|Any CPU = Debug|Any CPU
		Release|Any CPU = Release|Any CPU
	EndGlobalSection
	GlobalSection(ProjectConfigurationPlatforms) = postSolution
		{C53BADD1-BBBA-448E-A828-E68B76FAE424}.Debug|Any CPU.ActiveCfg = Debug|Any CPU
		{C53BADD1-BBBA-448E-A828-E68B76FAE424}.Debug|Any CPU.Build.0 = Debug|Any CPU
		{C53BADD1-BBBA-448E-A828-E68B76FAE424}.Release|Any CPU.ActiveCfg = Release|Any CPU
		{C53BADD1-BBBA-448E-A828-E68B76FAE424}.Release|Any CPU.Build.0 = Release|Any CPU
		{8087B8ED-D436-475B-9C03-31A05B0A9260}.Debug|Any CPU.ActiveCfg = Debug|Any CPU
		{8087B8ED-D436-475B-9C03-31A05B0A9260}.Debug|Any CPU.Build.0 = Debug|Any CPU
		{8087B8ED-D436-475B-9C03-31A05B0A9260}.Release|Any CPU.ActiveCfg = Release|Any CPU
		{8087B8ED-D436-475B-9C03-31A05B0A9260}.Release|Any CPU.Build.0 = Release|Any CPU
		{31224C1E-17CE-4D6A-86B6-C0308BA969D4}.Debug|Any CPU.ActiveCfg = Debug|Any CPU
		{31224C1E-17CE-4D6A-86B6-C0308BA969D4}.Debug|Any CPU.Build.0 = Debug|Any CPU
		{31224C1E-17CE-4D6A-86B6-C0308BA969D4}.Release|Any CPU.ActiveCfg = Release|Any CPU
		{31224C1E-17CE-4D6A-86B6-C0308BA969D4}.Release|Any CPU.Build.0 = Release|Any CPU
	EndGlobalSection
	GlobalSection(SolutionProperties) = preSolution
		HideSolutionNode = FALSE
	EndGlobalSection
	GlobalSection(ExtensibilityGlobals) = postSolution
		SolutionGuid = {416178BF-8ADC-4785-B298-130738B8DBDF}
	EndGlobalSection
EndGlobal
